
Microsoft Visual Studio Solution File, Format Version 12.00
# Visual Studio Version 17
VisualStudioVersion = 17.11.35312.102
MinimumVisualStudioVersion = 10.0.40219.1
Project("{FAE04EC0-301F-11D3-BF4B-00C04F79EFBC}") = "TemplateProcessor", "TemplateProcessor\TemplateProcessor.csproj", "{55283EFF-7A6C-411B-9404-17C900B5DA0E}"
EndProject
Global
	GlobalSection(SolutionConfigurationPlatforms) = preSolution
		Debug|Any CPU = Debug|Any CPU
		Release|Any CPU = Release|Any CPU
	EndGlobalSection
	GlobalSection(ProjectConfigurationPlatforms) = postSolution
		{55283EFF-7A6C-411B-9404-17C900B5DA0E}.Debug|Any CPU.ActiveCfg = Debug|Any CPU
		{55283EFF-7A6C-411B-9404-17C900B5DA0E}.Debug|Any CPU.Build.0 = Debug|Any CPU
		{55283EFF-7A6C-411B-9404-17C900B5DA0E}.Release|Any CPU.ActiveCfg = Release|Any CPU
		{55283EFF-7A6C-411B-9404-17C900B5DA0E}.Release|Any CPU.Build.0 = Release|Any CPU
	EndGlobalSection
	GlobalSection(SolutionProperties) = preSolution
		HideSolutionNode = FALSE
	EndGlobalSection
	GlobalSection(ExtensibilityGlobals) = postSolution
		SolutionGuid = {67B24ABA-0835-4F1E-96AF-493DF4B326BB}
	EndGlobalSection
EndGlobal
